{
  "version": 4,
  "terraform_version": "1.3.7",
  "serial": 517,
  "lineage": "4819644c-f4af-71ee-9a0a-621cb0a2c470",
  "outputs": {
    "springApp-repo-URL": {
      "value": "333972965329.dkr.ecr.ap-northeast-2.amazonaws.com/spring_boot_ecr",
      "type": "string"
    }
  },
  "resources": [
    {
      "mode": "data",
      "type": "aws_iam_policy_document",
      "name": "ecs_agent",
      "provider": "provider[\"registry.terraform.io/hashicorp/aws\"]",
      "instances": [
        {
          "schema_version": 0,
          "attributes": {
            "id": "1903849331",
            "json": "{\n  \"Version\": \"2012-10-17\",\n  \"Statement\": [\n    {\n      \"Sid\": \"\",\n      \"Effect\": \"Allow\",\n      \"Action\": \"sts:AssumeRole\",\n      \"Principal\": {\n        \"Service\": \"ec2.amazonaws.com\"\n      }\n    }\n  ]\n}",
            "override_json": null,
            "override_policy_documents": null,
            "policy_id": null,
            "source_json": null,
            "source_policy_documents": null,
            "statement": [
              {
                "actions": [
                  "sts:AssumeRole"
                ],
                "condition": [],
                "effect": "Allow",
                "not_actions": [],
                "not_principals": [],
                "not_resources": [],
                "principals": [
                  {
                    "identifiers": [
                      "ec2.amazonaws.com"
                    ],
                    "type": "Service"
                  }
                ],
                "resources": [],
                "sid": ""
              }
            ],
            "version": "2012-10-17"
          },
          "sensitive_attributes": []
        }
      ]
    },
    {
      "mode": "managed",
      "type": "aws_autoscaling_group",
      "name": "asg",
      "provider": "provider[\"registry.terraform.io/hashicorp/aws\"]",
      "instances": [
        {
          "schema_version": 0,
          "attributes": {
            "arn": "arn:aws:autoscaling:ap-northeast-2:333972965329:autoScalingGroup:e118c1d9-c704-48cd-b57b-1030a8d8b56b:autoScalingGroupName/test-dev-asg",
            "availability_zones": [
              "ap-northeast-2a",
              "ap-northeast-2b"
            ],
            "capacity_rebalance": false,
            "context": "",
            "default_cooldown": 300,
            "default_instance_warmup": 0,
            "desired_capacity": 2,
            "desired_capacity_type": "",
            "enabled_metrics": null,
            "force_delete": true,
            "force_delete_warm_pool": false,
            "health_check_grace_period": 300,
            "health_check_type": "EC2",
            "id": "test-dev-asg",
            "initial_lifecycle_hook": [],
            "instance_refresh": [],
            "launch_configuration": "test-dev20230207000901064700000003",
            "launch_template": [],
            "load_balancers": null,
            "max_instance_lifetime": 0,
            "max_size": 2,
            "metrics_granularity": "1Minute",
            "min_elb_capacity": null,
            "min_size": 1,
            "mixed_instances_policy": [],
            "name": "test-dev-asg",
            "name_prefix": "",
            "placement_group": "",
            "protect_from_scale_in": false,
            "service_linked_role_arn": "arn:aws:iam::333972965329:role/aws-service-role/autoscaling.amazonaws.com/AWSServiceRoleForAutoScaling",
            "suspended_processes": null,
            "tag": [],
            "tags": null,
            "target_group_arns": [
              "arn:aws:elasticloadbalancing:ap-northeast-2:333972965329:targetgroup/test-dev-tg/55fedc8e2a194a72"
            ],
            "termination_policies": null,
            "timeouts": null,
            "vpc_zone_identifier": [
              "subnet-0ad2b0f4aa7dd0aab",
              "subnet-0fb206ca5ba84ec8e"
            ],
            "wait_for_capacity_timeout": "10m",
            "wait_for_elb_capacity": null,
            "warm_pool": []
          },
          "sensitive_attributes": [],
          "private": "eyJlMmJmYjczMC1lY2FhLTExZTYtOGY4OC0zNDM2M2JjN2M0YzAiOnsiZGVsZXRlIjo2MDAwMDAwMDAwMDAsInVwZGF0ZSI6NjAwMDAwMDAwMDAwfX0=",
          "dependencies": [
            "aws_cloudwatch_log_group.ecs_cluster_log",
            "aws_ecs_cluster.jhc_cluster",
            "aws_iam_instance_profile.ecs_agent",
            "aws_iam_role.ecs_agent",
            "aws_kms_key.ecs_cluster_kms_key",
            "aws_launch_configuration.ecs_launch_config",
            "aws_lb_target_group.target_group",
            "aws_security_group.load_balancer_security_group",
            "aws_subnet.public",
            "aws_vpc.jhc_vpc",
            "data.aws_iam_policy_document.ecs_agent"
          ]
        }
      ]
    },
    {
      "mode": "managed",
      "type": "aws_autoscaling_policy",
      "name": "policy_up",
      "provider": "provider[\"registry.terraform.io/hashicorp/aws\"]",
      "instances": [
        {
          "schema_version": 0,
          "attributes": {
            "adjustment_type": "ChangeInCapacity",
            "arn": "arn:aws:autoscaling:ap-northeast-2:333972965329:scalingPolicy:fe663fc6-cea3-4c21-aea9-ef1e6613e345:autoScalingGroupName/test-dev-asg:policyName/web_policy_up",
            "autoscaling_group_name": "test-dev-asg",
            "cooldown": 300,
            "enabled": true,
            "estimated_instance_warmup": 0,
            "id": "web_policy_up",
            "metric_aggregation_type": "",
            "min_adjustment_magnitude": null,
            "name": "web_policy_up",
            "policy_type": "SimpleScaling",
            "predictive_scaling_configuration": [],
            "scaling_adjustment": 1,
            "step_adjustment": [],
            "target_tracking_configuration": []
          },
          "sensitive_attributes": [],
          "private": "bnVsbA==",
          "dependencies": [
            "aws_autoscaling_group.asg",
            "aws_cloudwatch_log_group.ecs_cluster_log",
            "aws_ecs_cluster.jhc_cluster",
            "aws_iam_instance_profile.ecs_agent",
            "aws_iam_role.ecs_agent",
            "aws_kms_key.ecs_cluster_kms_key",
            "aws_launch_configuration.ecs_launch_config",
            "aws_lb_target_group.target_group",
            "aws_security_group.load_balancer_security_group",
            "aws_subnet.public",
            "aws_vpc.jhc_vpc",
            "data.aws_iam_policy_document.ecs_agent"
          ]
        }
      ]
    },
    {
      "mode": "managed",
      "type": "aws_cloudwatch_log_group",
      "name": "backend-log",
      "provider": "provider[\"registry.terraform.io/hashicorp/aws\"]",
      "instances": [
        {
          "schema_version": 0,
          "attributes": {
            "arn": "arn:aws:logs:ap-northeast-2:333972965329:log-group:test-dev-backend-log-group",
            "id": "test-dev-backend-log-group",
            "kms_key_id": "",
            "name": "test-dev-backend-log-group",
            "name_prefix": "",
            "retention_in_days": 14,
            "skip_destroy": false,
            "tags": null,
            "tags_all": {}
          },
          "sensitive_attributes": [],
          "private": "bnVsbA=="
        }
      ]
    },
    {
      "mode": "managed",
      "type": "aws_cloudwatch_log_group",
      "name": "ecs_cluster_log",
      "provider": "provider[\"registry.terraform.io/hashicorp/aws\"]",
      "instances": [
        {
          "schema_version": 0,
          "attributes": {
            "arn": "arn:aws:logs:ap-northeast-2:333972965329:log-group:ecs_cluster_log",
            "id": "ecs_cluster_log",
            "kms_key_id": "",
            "name": "ecs_cluster_log",
            "name_prefix": "",
            "retention_in_days": 0,
            "skip_destroy": false,
            "tags": null,
            "tags_all": {}
          },
          "sensitive_attributes": [],
          "private": "bnVsbA=="
        }
      ]
    },
    {
      "mode": "managed",
      "type": "aws_cloudwatch_log_stream",
      "name": "backend-log-std-err",
      "provider": "provider[\"registry.terraform.io/hashicorp/aws\"]",
      "instances": [
        {
          "schema_version": 0,
          "attributes": {
            "arn": "arn:aws:logs:ap-northeast-2:333972965329:log-group:test-dev-backend-log-group:log-stream:stderr.log",
            "id": "stderr.log",
            "log_group_name": "test-dev-backend-log-group",
            "name": "stderr.log"
          },
          "sensitive_attributes": [],
          "private": "bnVsbA==",
          "dependencies": [
            "aws_cloudwatch_log_group.backend-log"
          ]
        }
      ]
    },
    {
      "mode": "managed",
      "type": "aws_cloudwatch_log_stream",
      "name": "backend-log-std-out",
      "provider": "provider[\"registry.terraform.io/hashicorp/aws\"]",
      "instances": [
        {
          "schema_version": 0,
          "attributes": {
            "arn": "arn:aws:logs:ap-northeast-2:333972965329:log-group:test-dev-backend-log-group:log-stream:stdout.log",
            "id": "stdout.log",
            "log_group_name": "test-dev-backend-log-group",
            "name": "stdout.log"
          },
          "sensitive_attributes": [],
          "private": "bnVsbA==",
          "dependencies": [
            "aws_cloudwatch_log_group.backend-log"
          ]
        }
      ]
    },
    {
      "mode": "managed",
      "type": "aws_cloudwatch_log_stream",
      "name": "ecs_cluster_log_stream",
      "provider": "provider[\"registry.terraform.io/hashicorp/aws\"]",
      "instances": [
        {
          "schema_version": 0,
          "attributes": {
            "arn": "arn:aws:logs:ap-northeast-2:333972965329:log-group:ecs_cluster_log:log-stream:log-stream-test-dev",
            "id": "log-stream-test-dev",
            "log_group_name": "ecs_cluster_log",
            "name": "log-stream-test-dev"
          },
          "sensitive_attributes": [],
          "private": "bnVsbA==",
          "dependencies": [
            "aws_cloudwatch_log_group.ecs_cluster_log"
          ]
        }
      ]
    },
    {
      "mode": "managed",
      "type": "aws_cloudwatch_metric_alarm",
      "name": "web_cpu_alarm_up",
      "provider": "provider[\"registry.terraform.io/hashicorp/aws\"]",
      "instances": [
        {
          "schema_version": 1,
          "attributes": {
            "actions_enabled": true,
            "alarm_actions": [
              "arn:aws:autoscaling:ap-northeast-2:333972965329:scalingPolicy:fe663fc6-cea3-4c21-aea9-ef1e6613e345:autoScalingGroupName/test-dev-asg:policyName/web_policy_up"
            ],
            "alarm_description": "",
            "alarm_name": "web_cpu_alarm_up",
            "arn": "arn:aws:cloudwatch:ap-northeast-2:333972965329:alarm:web_cpu_alarm_up",
            "comparison_operator": "GreaterThanOrEqualToThreshold",
            "datapoints_to_alarm": 0,
            "dimensions": {
              "AutoScalingGroupName": "test-dev-asg"
            },
            "evaluate_low_sample_count_percentiles": "",
            "evaluation_periods": 2,
            "extended_statistic": "",
            "id": "web_cpu_alarm_up",
            "insufficient_data_actions": null,
            "metric_name": "test-dev-cpu",
            "metric_query": [],
            "namespace": "AWS/EC2",
            "ok_actions": null,
            "period": 120,
            "statistic": "Average",
            "tags": null,
            "tags_all": {},
            "threshold": 60,
            "threshold_metric_id": "",
            "treat_missing_data": "missing",
            "unit": ""
          },
          "sensitive_attributes": [],
          "private": "eyJzY2hlbWFfdmVyc2lvbiI6IjEifQ==",
          "dependencies": [
            "aws_autoscaling_group.asg",
            "aws_autoscaling_policy.policy_up",
            "aws_cloudwatch_log_group.ecs_cluster_log",
            "aws_ecs_cluster.jhc_cluster",
            "aws_iam_instance_profile.ecs_agent",
            "aws_iam_role.ecs_agent",
            "aws_kms_key.ecs_cluster_kms_key",
            "aws_launch_configuration.ecs_launch_config",
            "aws_lb_target_group.target_group",
            "aws_security_group.load_balancer_security_group",
            "aws_subnet.public",
            "aws_vpc.jhc_vpc",
            "data.aws_iam_policy_document.ecs_agent"
          ]
        }
      ]
    },
    {
      "mode": "managed",
      "type": "aws_ecr_repository",
      "name": "ecr_repo",
      "provider": "provider[\"registry.terraform.io/hashicorp/aws\"]",
      "instances": [
        {
          "schema_version": 0,
          "attributes": {
            "arn": "arn:aws:ecr:ap-northeast-2:333972965329:repository/spring_boot_ecr",
            "encryption_configuration": [
              {
                "encryption_type": "AES256",
                "kms_key": ""
              }
            ],
            "force_delete": null,
            "id": "spring_boot_ecr",
            "image_scanning_configuration": [
              {
                "scan_on_push": false
              }
            ],
            "image_tag_mutability": "MUTABLE",
            "name": "spring_boot_ecr",
            "registry_id": "333972965329",
            "repository_url": "333972965329.dkr.ecr.ap-northeast-2.amazonaws.com/spring_boot_ecr",
            "tags": null,
            "tags_all": {},
            "timeouts": null
          },
          "sensitive_attributes": [],
          "private": "eyJlMmJmYjczMC1lY2FhLTExZTYtOGY4OC0zNDM2M2JjN2M0YzAiOnsiZGVsZXRlIjoxMjAwMDAwMDAwMDAwfX0="
        }
      ]
    },
    {
      "mode": "managed",
      "type": "aws_ecs_capacity_provider",
      "name": "jhc-ecs-cp",
      "provider": "provider[\"registry.terraform.io/hashicorp/aws\"]",
      "instances": [
        {
          "schema_version": 0,
          "attributes": {
            "arn": "arn:aws:ecs:ap-northeast-2:333972965329:capacity-provider/test-dev-ecs-cp",
            "auto_scaling_group_provider": [
              {
                "auto_scaling_group_arn": "arn:aws:autoscaling:ap-northeast-2:333972965329:autoScalingGroup:e118c1d9-c704-48cd-b57b-1030a8d8b56b:autoScalingGroupName/test-dev-asg",
                "managed_scaling": [
                  {
                    "instance_warmup_period": 300,
                    "maximum_scaling_step_size": 10000,
                    "minimum_scaling_step_size": 1,
                    "status": "DISABLED",
                    "target_capacity": 100
                  }
                ],
                "managed_termination_protection": "DISABLED"
              }
            ],
            "id": "arn:aws:ecs:ap-northeast-2:333972965329:capacity-provider/test-dev-ecs-cp",
            "name": "test-dev-ecs-cp",
            "tags": null,
            "tags_all": {}
          },
          "sensitive_attributes": [],
          "private": "bnVsbA==",
          "dependencies": [
            "aws_autoscaling_group.asg",
            "aws_cloudwatch_log_group.ecs_cluster_log",
            "aws_ecs_cluster.jhc_cluster",
            "aws_iam_instance_profile.ecs_agent",
            "aws_iam_role.ecs_agent",
            "aws_kms_key.ecs_cluster_kms_key",
            "aws_launch_configuration.ecs_launch_config",
            "aws_lb_target_group.target_group",
            "aws_security_group.load_balancer_security_group",
            "aws_subnet.public",
            "aws_vpc.jhc_vpc",
            "data.aws_iam_policy_document.ecs_agent"
          ]
        }
      ]
    },
    {
      "mode": "managed",
      "type": "aws_ecs_cluster",
      "name": "jhc_cluster",
      "provider": "provider[\"registry.terraform.io/hashicorp/aws\"]",
      "instances": [
        {
          "schema_version": 0,
          "attributes": {
            "arn": "arn:aws:ecs:ap-northeast-2:333972965329:cluster/test-dev-ecs-cluster",
            "capacity_providers": [],
            "configuration": [
              {
                "execute_command_configuration": [
                  {
                    "kms_key_id": "arn:aws:kms:ap-northeast-2:333972965329:key/f3b7ac0f-9988-45c7-93ed-10e163e2b706",
                    "log_configuration": [
                      {
                        "cloud_watch_encryption_enabled": true,
                        "cloud_watch_log_group_name": "ecs_cluster_log",
                        "s3_bucket_encryption_enabled": false,
                        "s3_bucket_name": "",
                        "s3_key_prefix": ""
                      }
                    ],
                    "logging": "OVERRIDE"
                  }
                ]
              }
            ],
            "default_capacity_provider_strategy": [],
            "id": "arn:aws:ecs:ap-northeast-2:333972965329:cluster/test-dev-ecs-cluster",
            "name": "test-dev-ecs-cluster",
            "service_connect_defaults": [],
            "setting": [
              {
                "name": "containerInsights",
                "value": "disabled"
              }
            ],
            "tags": null,
            "tags_all": {}
          },
          "sensitive_attributes": [],
          "private": "bnVsbA==",
          "dependencies": [
            "aws_cloudwatch_log_group.ecs_cluster_log",
            "aws_kms_key.ecs_cluster_kms_key"
          ]
        }
      ]
    },
    {
      "mode": "managed",
      "type": "aws_ecs_cluster_capacity_providers",
      "name": "aws_ecs_cluster_cps",
      "provider": "provider[\"registry.terraform.io/hashicorp/aws\"]",
      "instances": [
        {
          "schema_version": 0,
          "attributes": {
            "capacity_providers": [
              "test-dev-ecs-cp"
            ],
            "cluster_name": "test-dev-ecs-cluster",
            "default_capacity_provider_strategy": [
              {
                "base": 1,
                "capacity_provider": "test-dev-ecs-cp",
                "weight": 100
              }
            ],
            "id": "test-dev-ecs-cluster"
          },
          "sensitive_attributes": [],
          "private": "bnVsbA==",
          "dependencies": [
            "aws_autoscaling_group.asg",
            "aws_cloudwatch_log_group.ecs_cluster_log",
            "aws_ecs_capacity_provider.jhc-ecs-cp",
            "aws_ecs_cluster.jhc_cluster",
            "aws_iam_instance_profile.ecs_agent",
            "aws_iam_role.ecs_agent",
            "aws_kms_key.ecs_cluster_kms_key",
            "aws_launch_configuration.ecs_launch_config",
            "aws_lb_target_group.target_group",
            "aws_security_group.load_balancer_security_group",
            "aws_subnet.public",
            "aws_vpc.jhc_vpc",
            "data.aws_iam_policy_document.ecs_agent"
          ]
        }
      ]
    },
    {
      "mode": "managed",
      "type": "aws_ecs_service",
      "name": "service",
      "provider": "provider[\"registry.terraform.io/hashicorp/aws\"]",
      "instances": [
        {
          "schema_version": 0,
          "attributes": {
            "alarms": [],
            "capacity_provider_strategy": [],
            "cluster": "arn:aws:ecs:ap-northeast-2:333972965329:cluster/test-dev-ecs-cluster",
            "deployment_circuit_breaker": [
              {
                "enable": false,
                "rollback": false
              }
            ],
            "deployment_controller": [
              {
                "type": "ECS"
              }
            ],
            "deployment_maximum_percent": 200,
            "deployment_minimum_healthy_percent": 100,
            "desired_count": 2,
            "enable_ecs_managed_tags": false,
            "enable_execute_command": false,
            "force_new_deployment": null,
            "health_check_grace_period_seconds": 0,
            "iam_role": "aws-service-role",
            "id": "arn:aws:ecs:ap-northeast-2:333972965329:service/test-dev-ecs-cluster/test-dev-service",
            "launch_type": "EC2",
            "load_balancer": [
              {
                "container_name": "test-dev-container",
                "container_port": 8080,
                "elb_name": "",
                "target_group_arn": "arn:aws:elasticloadbalancing:ap-northeast-2:333972965329:targetgroup/test-dev-tg/55fedc8e2a194a72"
              }
            ],
            "name": "test-dev-service",
            "network_configuration": [],
            "ordered_placement_strategy": [],
            "placement_constraints": [],
            "platform_version": "",
            "propagate_tags": "NONE",
            "scheduling_strategy": "REPLICA",
            "service_connect_configuration": [],
            "service_registries": [],
            "tags": null,
            "tags_all": {},
            "task_definition": "arn:aws:ecs:ap-northeast-2:333972965329:task-definition/test-dev-task-fam:42",
            "timeouts": null,
            "triggers": {},
            "wait_for_steady_state": false
          },
          "sensitive_attributes": [],
          "private": "eyJlMmJmYjczMC1lY2FhLTExZTYtOGY4OC0zNDM2M2JjN2M0YzAiOnsiY3JlYXRlIjoxMjAwMDAwMDAwMDAwLCJkZWxldGUiOjEyMDAwMDAwMDAwMDAsInVwZGF0ZSI6MTIwMDAwMDAwMDAwMH19",
          "dependencies": [
            "aws_cloudwatch_log_group.ecs_cluster_log",
            "aws_ecr_repository.ecr_repo",
            "aws_ecs_cluster.jhc_cluster",
            "aws_ecs_task_definition.task_service",
            "aws_kms_key.ecs_cluster_kms_key",
            "aws_lb.jhc_load_balancer",
            "aws_lb_target_group.target_group",
            "aws_security_group.load_balancer_security_group",
            "aws_subnet.public",
            "aws_vpc.jhc_vpc"
          ]
        }
      ]
    },
    {
      "mode": "managed",
      "type": "aws_ecs_task_definition",
      "name": "task_service",
      "provider": "provider[\"registry.terraform.io/hashicorp/aws\"]",
      "instances": [
        {
          "schema_version": 1,
          "attributes": {
            "arn": "arn:aws:ecs:ap-northeast-2:333972965329:task-definition/test-dev-task-fam:42",
            "container_definitions": "[{\"command\":[],\"cpu\":10,\"entryPoint\":[],\"environment\":[],\"essential\":true,\"image\":\"333972965329.dkr.ecr.ap-northeast-2.amazonaws.com/spring_boot_ecr\",\"links\":[],\"logConfiguration\":{\"logDriver\":\"awslogs\",\"options\":{\"awslogs-create-group\":\"true\",\"awslogs-group\":\"ecs_cluster_log\",\"awslogs-region\":\"ap-northeast-2\",\"awslogs-stream-prefix\":\"log-stream-\"}},\"memory\":512,\"mountPoints\":[],\"name\":\"test-dev-container\",\"portMappings\":[{\"containerPort\":8080,\"hostPort\":8080,\"protocol\":\"tcp\"}],\"secrets\":[],\"volumesFrom\":[]}]",
            "cpu": "",
            "ephemeral_storage": [],
            "execution_role_arn": "",
            "family": "test-dev-task-fam",
            "id": "test-dev-task-fam",
            "inference_accelerator": [],
            "ipc_mode": "",
            "memory": "",
            "network_mode": "",
            "pid_mode": "",
            "placement_constraints": [],
            "proxy_configuration": [],
            "requires_compatibilities": null,
            "revision": 42,
            "runtime_platform": [],
            "skip_destroy": false,
            "tags": null,
            "tags_all": {},
            "task_role_arn": "",
            "volume": [
              {
                "docker_volume_configuration": [],
                "efs_volume_configuration": [],
                "fsx_windows_file_server_volume_configuration": [],
                "host_path": "/ecs/test/dev/service",
                "name": "service-storage"
              }
            ]
          },
          "sensitive_attributes": [],
          "private": "eyJzY2hlbWFfdmVyc2lvbiI6IjEifQ==",
          "dependencies": [
            "aws_ecr_repository.ecr_repo"
          ]
        }
      ]
    },
    {
      "mode": "managed",
      "type": "aws_iam_instance_profile",
      "name": "ecs_agent",
      "provider": "provider[\"registry.terraform.io/hashicorp/aws\"]",
      "instances": [
        {
          "schema_version": 0,
          "attributes": {
            "arn": "arn:aws:iam::333972965329:instance-profile/ecs-agent",
            "create_date": "2023-02-07T00:08:49Z",
            "id": "ecs-agent",
            "name": "ecs-agent",
            "name_prefix": null,
            "path": "/",
            "role": "ecs-agent_role",
            "tags": null,
            "tags_all": {},
            "unique_id": "AIPAU3QSXA7I4IZLTD2HA"
          },
          "sensitive_attributes": [],
          "private": "bnVsbA==",
          "dependencies": [
            "aws_iam_role.ecs_agent",
            "data.aws_iam_policy_document.ecs_agent"
          ]
        }
      ]
    },
    {
      "mode": "managed",
      "type": "aws_iam_role",
      "name": "ecs_agent",
      "provider": "provider[\"registry.terraform.io/hashicorp/aws\"]",
      "instances": [
        {
          "schema_version": 0,
          "attributes": {
            "arn": "arn:aws:iam::333972965329:role/ecs-agent_role",
            "assume_role_policy": "{\"Statement\":[{\"Action\":\"sts:AssumeRole\",\"Effect\":\"Allow\",\"Principal\":{\"Service\":\"ec2.amazonaws.com\"},\"Sid\":\"\"}],\"Version\":\"2012-10-17\"}",
            "create_date": "2023-02-07T00:08:47Z",
            "description": "",
            "force_detach_policies": false,
            "id": "ecs-agent_role",
            "inline_policy": [],
            "managed_policy_arns": [],
            "max_session_duration": 3600,
            "name": "ecs-agent_role",
            "name_prefix": "",
            "path": "/",
            "permissions_boundary": null,
            "tags": null,
            "tags_all": {},
            "unique_id": "AROAU3QSXA7I4WNID6PWA"
          },
          "sensitive_attributes": [],
          "private": "bnVsbA==",
          "dependencies": [
            "data.aws_iam_policy_document.ecs_agent"
          ]
        }
      ]
    },
    {
      "mode": "managed",
      "type": "aws_iam_role_policy_attachment",
      "name": "ecs_agent",
      "provider": "provider[\"registry.terraform.io/hashicorp/aws\"]",
      "instances": [
        {
          "schema_version": 0,
          "attributes": {
            "id": "ecs-agent_role-20230207000849418000000001",
            "policy_arn": "arn:aws:iam::aws:policy/service-role/AmazonEC2ContainerServiceforEC2Role",
            "role": "ecs-agent_role"
          },
          "sensitive_attributes": [],
          "private": "bnVsbA==",
          "dependencies": [
            "aws_iam_role.ecs_agent",
            "data.aws_iam_policy_document.ecs_agent"
          ]
        }
      ]
    },
    {
      "mode": "managed",
      "type": "aws_internet_gateway",
      "name": "main_public_gateway",
      "provider": "provider[\"registry.terraform.io/hashicorp/aws\"]",
      "instances": [
        {
          "schema_version": 0,
          "attributes": {
            "arn": "arn:aws:ec2:ap-northeast-2:333972965329:internet-gateway/igw-0f6d9be6f6d38adbf",
            "id": "igw-0f6d9be6f6d38adbf",
            "owner_id": "333972965329",
            "tags": {
              "Environment": "dev",
              "Name": "test-igw"
            },
            "tags_all": {
              "Environment": "dev",
              "Name": "test-igw"
            },
            "timeouts": null,
            "vpc_id": "vpc-0c3725e6bee6a230a"
          },
          "sensitive_attributes": [],
          "private": "eyJlMmJmYjczMC1lY2FhLTExZTYtOGY4OC0zNDM2M2JjN2M0YzAiOnsiY3JlYXRlIjoxMjAwMDAwMDAwMDAwLCJkZWxldGUiOjEyMDAwMDAwMDAwMDAsInVwZGF0ZSI6MTIwMDAwMDAwMDAwMH19",
          "dependencies": [
            "aws_vpc.jhc_vpc"
          ]
        }
      ]
    },
    {
      "mode": "managed",
      "type": "aws_kms_key",
      "name": "ecs_cluster_kms_key",
      "provider": "provider[\"registry.terraform.io/hashicorp/aws\"]",
      "instances": [
        {
          "schema_version": 0,
          "attributes": {
            "arn": "arn:aws:kms:ap-northeast-2:333972965329:key/f3b7ac0f-9988-45c7-93ed-10e163e2b706",
            "bypass_policy_lockout_safety_check": false,
            "custom_key_store_id": "",
            "customer_master_key_spec": "SYMMETRIC_DEFAULT",
            "deletion_window_in_days": 7,
            "description": "kms_7_days",
            "enable_key_rotation": false,
            "id": "f3b7ac0f-9988-45c7-93ed-10e163e2b706",
            "is_enabled": true,
            "key_id": "f3b7ac0f-9988-45c7-93ed-10e163e2b706",
            "key_usage": "ENCRYPT_DECRYPT",
            "multi_region": false,
            "policy": "{\"Id\":\"key-default-1\",\"Statement\":[{\"Action\":\"kms:*\",\"Effect\":\"Allow\",\"Principal\":{\"AWS\":\"arn:aws:iam::333972965329:root\"},\"Resource\":\"*\",\"Sid\":\"Enable IAM User Permissions\"}],\"Version\":\"2012-10-17\"}",
            "tags": null,
            "tags_all": {}
          },
          "sensitive_attributes": [],
          "private": "bnVsbA=="
        }
      ]
    },
    {
      "mode": "managed",
      "type": "aws_launch_configuration",
      "name": "ecs_launch_config",
      "provider": "provider[\"registry.terraform.io/hashicorp/aws\"]",
      "instances": [
        {
          "schema_version": 0,
          "attributes": {
            "arn": "arn:aws:autoscaling:ap-northeast-2:333972965329:launchConfiguration:ad015b55-92fd-47e6-a555-ee996bc198b5:launchConfigurationName/test-dev20230207000901064700000003",
            "associate_public_ip_address": false,
            "ebs_block_device": [],
            "ebs_optimized": false,
            "enable_monitoring": true,
            "ephemeral_block_device": [],
            "iam_instance_profile": "ecs-agent",
            "id": "test-dev20230207000901064700000003",
            "image_id": "ami-0b6d6fc5fe3f750f1",
            "instance_type": "t3.small",
            "key_name": "test_key",
            "metadata_options": [],
            "name": "test-dev20230207000901064700000003",
            "name_prefix": "test-dev",
            "placement_tenancy": "",
            "root_block_device": [],
            "security_groups": [
              "sg-053a347c9a59c8147"
            ],
            "spot_price": "",
            "user_data": "41e25cb12b561f448ca6d71f84998de27e97f652",
            "user_data_base64": null,
            "vpc_classic_link_id": "",
            "vpc_classic_link_security_groups": null
          },
          "sensitive_attributes": [],
          "private": "bnVsbA==",
          "dependencies": [
            "aws_cloudwatch_log_group.ecs_cluster_log",
            "aws_ecs_cluster.jhc_cluster",
            "aws_iam_instance_profile.ecs_agent",
            "aws_iam_role.ecs_agent",
            "aws_kms_key.ecs_cluster_kms_key",
            "aws_security_group.load_balancer_security_group",
            "aws_vpc.jhc_vpc",
            "data.aws_iam_policy_document.ecs_agent"
          ]
        }
      ]
    },
    {
      "mode": "managed",
      "type": "aws_lb",
      "name": "jhc_load_balancer",
      "provider": "provider[\"registry.terraform.io/hashicorp/aws\"]",
      "instances": [
        {
          "schema_version": 0,
          "attributes": {
            "access_logs": [
              {
                "bucket": "",
                "enabled": false,
                "prefix": ""
              }
            ],
            "arn": "arn:aws:elasticloadbalancing:ap-northeast-2:333972965329:loadbalancer/app/test-dev-alb/00799bc919bc6fc2",
            "arn_suffix": "app/test-dev-alb/00799bc919bc6fc2",
            "customer_owned_ipv4_pool": "",
            "desync_mitigation_mode": "defensive",
            "dns_name": "test-dev-alb-632462669.ap-northeast-2.elb.amazonaws.com",
            "drop_invalid_header_fields": false,
            "enable_cross_zone_load_balancing": true,
            "enable_deletion_protection": false,
            "enable_http2": true,
            "enable_waf_fail_open": false,
            "id": "arn:aws:elasticloadbalancing:ap-northeast-2:333972965329:loadbalancer/app/test-dev-alb/00799bc919bc6fc2",
            "idle_timeout": 60,
            "internal": false,
            "ip_address_type": "ipv4",
            "load_balancer_type": "application",
            "name": "test-dev-alb",
            "name_prefix": null,
            "preserve_host_header": false,
            "security_groups": [
              "sg-053a347c9a59c8147"
            ],
            "subnet_mapping": [
              {
                "allocation_id": "",
                "ipv6_address": "",
                "outpost_id": "",
                "private_ipv4_address": "",
                "subnet_id": "subnet-0ad2b0f4aa7dd0aab"
              },
              {
                "allocation_id": "",
                "ipv6_address": "",
                "outpost_id": "",
                "private_ipv4_address": "",
                "subnet_id": "subnet-0fb206ca5ba84ec8e"
              }
            ],
            "subnets": [
              "subnet-0ad2b0f4aa7dd0aab",
              "subnet-0fb206ca5ba84ec8e"
            ],
            "tags": {
              "Environment": "dev",
              "Name": "test-alb"
            },
            "tags_all": {
              "Environment": "dev",
              "Name": "test-alb"
            },
            "timeouts": null,
            "vpc_id": "vpc-0c3725e6bee6a230a",
            "zone_id": "ZWKZPGTI48KDX"
          },
          "sensitive_attributes": [],
          "private": "eyJlMmJmYjczMC1lY2FhLTExZTYtOGY4OC0zNDM2M2JjN2M0YzAiOnsiY3JlYXRlIjo2MDAwMDAwMDAwMDAsImRlbGV0ZSI6NjAwMDAwMDAwMDAwLCJ1cGRhdGUiOjYwMDAwMDAwMDAwMH19",
          "dependencies": [
            "aws_security_group.load_balancer_security_group",
            "aws_subnet.public",
            "aws_vpc.jhc_vpc"
          ]
        }
      ]
    },
    {
      "mode": "managed",
      "type": "aws_lb_listener",
      "name": "jhc-ALB-Listener",
      "provider": "provider[\"registry.terraform.io/hashicorp/aws\"]",
      "instances": [
        {
          "schema_version": 0,
          "attributes": {
            "alpn_policy": null,
            "arn": "arn:aws:elasticloadbalancing:ap-northeast-2:333972965329:listener/app/test-dev-alb/00799bc919bc6fc2/1b242249d97f22d4",
            "certificate_arn": null,
            "default_action": [
              {
                "authenticate_cognito": [],
                "authenticate_oidc": [],
                "fixed_response": [],
                "forward": [],
                "order": 1,
                "redirect": [],
                "target_group_arn": "arn:aws:elasticloadbalancing:ap-northeast-2:333972965329:targetgroup/test-dev-tg/55fedc8e2a194a72",
                "type": "forward"
              }
            ],
            "id": "arn:aws:elasticloadbalancing:ap-northeast-2:333972965329:listener/app/test-dev-alb/00799bc919bc6fc2/1b242249d97f22d4",
            "load_balancer_arn": "arn:aws:elasticloadbalancing:ap-northeast-2:333972965329:loadbalancer/app/test-dev-alb/00799bc919bc6fc2",
            "port": 80,
            "protocol": "HTTP",
            "ssl_policy": "",
            "tags": null,
            "tags_all": {},
            "timeouts": null
          },
          "sensitive_attributes": [],
          "private": "eyJlMmJmYjczMC1lY2FhLTExZTYtOGY4OC0zNDM2M2JjN2M0YzAiOnsicmVhZCI6NjAwMDAwMDAwMDAwfX0=",
          "dependencies": [
            "aws_lb.jhc_load_balancer",
            "aws_lb_target_group.target_group",
            "aws_security_group.load_balancer_security_group",
            "aws_subnet.public",
            "aws_vpc.jhc_vpc"
          ]
        }
      ]
    },
    {
      "mode": "managed",
      "type": "aws_lb_target_group",
      "name": "target_group",
      "provider": "provider[\"registry.terraform.io/hashicorp/aws\"]",
      "instances": [
        {
          "schema_version": 0,
          "attributes": {
            "arn": "arn:aws:elasticloadbalancing:ap-northeast-2:333972965329:targetgroup/test-dev-tg/55fedc8e2a194a72",
            "arn_suffix": "targetgroup/test-dev-tg/55fedc8e2a194a72",
            "connection_termination": false,
            "deregistration_delay": "300",
            "health_check": [
              {
                "enabled": true,
                "healthy_threshold": 3,
                "interval": 300,
                "matcher": "200",
                "path": "/actuator/health",
                "port": "traffic-port",
                "protocol": "HTTP",
                "timeout": 3,
                "unhealthy_threshold": 2
              }
            ],
            "id": "arn:aws:elasticloadbalancing:ap-northeast-2:333972965329:targetgroup/test-dev-tg/55fedc8e2a194a72",
            "ip_address_type": "ipv4",
            "lambda_multi_value_headers_enabled": false,
            "load_balancing_algorithm_type": "round_robin",
            "name": "test-dev-tg",
            "name_prefix": null,
            "port": 8080,
            "preserve_client_ip": null,
            "protocol": "HTTP",
            "protocol_version": "HTTP1",
            "proxy_protocol_v2": false,
            "slow_start": 0,
            "stickiness": [
              {
                "cookie_duration": 86400,
                "cookie_name": "",
                "enabled": false,
                "type": "lb_cookie"
              }
            ],
            "tags": {
              "Environment": "dev",
              "Name": "test-lb-tg"
            },
            "tags_all": {
              "Environment": "dev",
              "Name": "test-lb-tg"
            },
            "target_failover": [
              {
                "on_deregistration": null,
                "on_unhealthy": null
              }
            ],
            "target_type": "instance",
            "vpc_id": "vpc-0c3725e6bee6a230a"
          },
          "sensitive_attributes": [],
          "private": "bnVsbA==",
          "dependencies": [
            "aws_vpc.jhc_vpc"
          ]
        }
      ]
    },
    {
      "mode": "managed",
      "type": "aws_route53_record",
      "name": "jhc_record",
      "provider": "provider[\"registry.terraform.io/hashicorp/aws\"]",
      "instances": [
        {
          "schema_version": 2,
          "attributes": {
            "alias": [
              {
                "evaluate_target_health": true,
                "name": "test-dev-alb-632462669.ap-northeast-2.elb.amazonaws.com",
                "zone_id": "ZWKZPGTI48KDX"
              }
            ],
            "allow_overwrite": null,
            "failover_routing_policy": [],
            "fqdn": "dev.jhc90.com",
            "geolocation_routing_policy": [],
            "health_check_id": null,
            "id": "Z0443932YTO81GFHTV7E_dev.jhc90.com_A",
            "latency_routing_policy": [],
            "multivalue_answer_routing_policy": null,
            "name": "dev.jhc90.com",
            "records": null,
            "set_identifier": null,
            "ttl": null,
            "type": "A",
            "weighted_routing_policy": [],
            "zone_id": "Z0443932YTO81GFHTV7E"
          },
          "sensitive_attributes": [],
          "private": "eyJzY2hlbWFfdmVyc2lvbiI6IjIifQ==",
          "dependencies": [
            "aws_lb.jhc_load_balancer",
            "aws_security_group.load_balancer_security_group",
            "aws_subnet.public",
            "aws_vpc.jhc_vpc"
          ]
        }
      ]
    },
    {
      "mode": "managed",
      "type": "aws_route_table",
      "name": "main_rt",
      "provider": "provider[\"registry.terraform.io/hashicorp/aws\"]",
      "instances": [
        {
          "schema_version": 0,
          "attributes": {
            "arn": "arn:aws:ec2:ap-northeast-2:333972965329:route-table/rtb-09429969e4d58def8",
            "id": "rtb-09429969e4d58def8",
            "owner_id": "333972965329",
            "propagating_vgws": [],
            "route": [
              {
                "carrier_gateway_id": "",
                "cidr_block": "0.0.0.0/0",
                "core_network_arn": "",
                "destination_prefix_list_id": "",
                "egress_only_gateway_id": "",
                "gateway_id": "igw-0f6d9be6f6d38adbf",
                "instance_id": "",
                "ipv6_cidr_block": "",
                "local_gateway_id": "",
                "nat_gateway_id": "",
                "network_interface_id": "",
                "transit_gateway_id": "",
                "vpc_endpoint_id": "",
                "vpc_peering_connection_id": ""
              }
            ],
            "tags": {
              "Name": "main_rt"
            },
            "tags_all": {
              "Name": "main_rt"
            },
            "timeouts": null,
            "vpc_id": "vpc-0c3725e6bee6a230a"
          },
          "sensitive_attributes": [],
          "private": "eyJlMmJmYjczMC1lY2FhLTExZTYtOGY4OC0zNDM2M2JjN2M0YzAiOnsiY3JlYXRlIjozMDAwMDAwMDAwMDAsImRlbGV0ZSI6MzAwMDAwMDAwMDAwLCJ1cGRhdGUiOjEyMDAwMDAwMDAwMH19",
          "dependencies": [
            "aws_internet_gateway.main_public_gateway",
            "aws_vpc.jhc_vpc"
          ]
        }
      ]
    },
    {
      "mode": "managed",
      "type": "aws_route_table_association",
      "name": "aws_rta",
      "provider": "provider[\"registry.terraform.io/hashicorp/aws\"]",
      "instances": [
        {
          "index_key": 0,
          "schema_version": 0,
          "attributes": {
            "gateway_id": "",
            "id": "rtbassoc-03bc087551c3564e0",
            "route_table_id": "rtb-09429969e4d58def8",
            "subnet_id": "subnet-0ad2b0f4aa7dd0aab"
          },
          "sensitive_attributes": [],
          "private": "bnVsbA==",
          "dependencies": [
            "aws_internet_gateway.main_public_gateway",
            "aws_route_table.main_rt",
            "aws_subnet.public",
            "aws_vpc.jhc_vpc"
          ]
        },
        {
          "index_key": 1,
          "schema_version": 0,
          "attributes": {
            "gateway_id": "",
            "id": "rtbassoc-0cd863353f4c4c038",
            "route_table_id": "rtb-09429969e4d58def8",
            "subnet_id": "subnet-0fb206ca5ba84ec8e"
          },
          "sensitive_attributes": [],
          "private": "bnVsbA==",
          "dependencies": [
            "aws_internet_gateway.main_public_gateway",
            "aws_route_table.main_rt",
            "aws_subnet.public",
            "aws_vpc.jhc_vpc"
          ]
        }
      ]
    },
    {
      "mode": "managed",
      "type": "aws_security_group",
      "name": "load_balancer_security_group",
      "provider": "provider[\"registry.terraform.io/hashicorp/aws\"]",
      "instances": [
        {
          "schema_version": 1,
          "attributes": {
            "arn": "arn:aws:ec2:ap-northeast-2:333972965329:security-group/sg-053a347c9a59c8147",
            "description": "Managed by Terraform",
            "egress": [
              {
                "cidr_blocks": [
                  "0.0.0.0/0"
                ],
                "description": "",
                "from_port": 0,
                "ipv6_cidr_blocks": [
                  "::/0"
                ],
                "prefix_list_ids": [],
                "protocol": "-1",
                "security_groups": [],
                "self": false,
                "to_port": 0
              }
            ],
            "id": "sg-053a347c9a59c8147",
            "ingress": [
              {
                "cidr_blocks": [
                  "0.0.0.0/0"
                ],
                "description": "",
                "from_port": 443,
                "ipv6_cidr_blocks": [
                  "::/0"
                ],
                "prefix_list_ids": [],
                "protocol": "tcp",
                "security_groups": [],
                "self": false,
                "to_port": 443
              },
              {
                "cidr_blocks": [
                  "0.0.0.0/0"
                ],
                "description": "",
                "from_port": 80,
                "ipv6_cidr_blocks": [
                  "::/0"
                ],
                "prefix_list_ids": [],
                "protocol": "tcp",
                "security_groups": [],
                "self": false,
                "to_port": 80
              }
            ],
            "name": "terraform-20230207000858913000000002",
            "name_prefix": "terraform-",
            "owner_id": "333972965329",
            "revoke_rules_on_delete": false,
            "tags": {
              "Environment": "dev",
              "Name": "test-sg"
            },
            "tags_all": {
              "Environment": "dev",
              "Name": "test-sg"
            },
            "timeouts": null,
            "vpc_id": "vpc-0c3725e6bee6a230a"
          },
          "sensitive_attributes": [],
          "private": "eyJlMmJmYjczMC1lY2FhLTExZTYtOGY4OC0zNDM2M2JjN2M0YzAiOnsiY3JlYXRlIjo2MDAwMDAwMDAwMDAsImRlbGV0ZSI6OTAwMDAwMDAwMDAwfSwic2NoZW1hX3ZlcnNpb24iOiIxIn0=",
          "dependencies": [
            "aws_vpc.jhc_vpc"
          ]
        }
      ]
    },
    {
      "mode": "managed",
      "type": "aws_subnet",
      "name": "public",
      "provider": "provider[\"registry.terraform.io/hashicorp/aws\"]",
      "instances": [
        {
          "index_key": 0,
          "schema_version": 1,
          "attributes": {
            "arn": "arn:aws:ec2:ap-northeast-2:333972965329:subnet/subnet-0ad2b0f4aa7dd0aab",
            "assign_ipv6_address_on_creation": false,
            "availability_zone": "ap-northeast-2a",
            "availability_zone_id": "apne2-az1",
            "cidr_block": "172.18.1.0/24",
            "customer_owned_ipv4_pool": "",
            "enable_dns64": false,
            "enable_resource_name_dns_a_record_on_launch": false,
            "enable_resource_name_dns_aaaa_record_on_launch": false,
            "id": "subnet-0ad2b0f4aa7dd0aab",
            "ipv6_cidr_block": "",
            "ipv6_cidr_block_association_id": "",
            "ipv6_native": false,
            "map_customer_owned_ip_on_launch": false,
            "map_public_ip_on_launch": true,
            "outpost_arn": "",
            "owner_id": "333972965329",
            "private_dns_hostname_type_on_launch": "ip-name",
            "tags": {
              "Environment": "dev",
              "Name": "test-subnet-public-1"
            },
            "tags_all": {
              "Environment": "dev",
              "Name": "test-subnet-public-1"
            },
            "timeouts": null,
            "vpc_id": "vpc-0c3725e6bee6a230a"
          },
          "sensitive_attributes": [],
          "private": "eyJlMmJmYjczMC1lY2FhLTExZTYtOGY4OC0zNDM2M2JjN2M0YzAiOnsiY3JlYXRlIjo2MDAwMDAwMDAwMDAsImRlbGV0ZSI6MTIwMDAwMDAwMDAwMH0sInNjaGVtYV92ZXJzaW9uIjoiMSJ9",
          "dependencies": [
            "aws_vpc.jhc_vpc"
          ]
        },
        {
          "index_key": 1,
          "schema_version": 1,
          "attributes": {
            "arn": "arn:aws:ec2:ap-northeast-2:333972965329:subnet/subnet-0fb206ca5ba84ec8e",
            "assign_ipv6_address_on_creation": false,
            "availability_zone": "ap-northeast-2b",
            "availability_zone_id": "apne2-az2",
            "cidr_block": "172.18.2.0/24",
            "customer_owned_ipv4_pool": "",
            "enable_dns64": false,
            "enable_resource_name_dns_a_record_on_launch": false,
            "enable_resource_name_dns_aaaa_record_on_launch": false,
            "id": "subnet-0fb206ca5ba84ec8e",
            "ipv6_cidr_block": "",
            "ipv6_cidr_block_association_id": "",
            "ipv6_native": false,
            "map_customer_owned_ip_on_launch": false,
            "map_public_ip_on_launch": true,
            "outpost_arn": "",
            "owner_id": "333972965329",
            "private_dns_hostname_type_on_launch": "ip-name",
            "tags": {
              "Environment": "dev",
              "Name": "test-subnet-public-2"
            },
            "tags_all": {
              "Environment": "dev",
              "Name": "test-subnet-public-2"
            },
            "timeouts": null,
            "vpc_id": "vpc-0c3725e6bee6a230a"
          },
          "sensitive_attributes": [],
          "private": "eyJlMmJmYjczMC1lY2FhLTExZTYtOGY4OC0zNDM2M2JjN2M0YzAiOnsiY3JlYXRlIjo2MDAwMDAwMDAwMDAsImRlbGV0ZSI6MTIwMDAwMDAwMDAwMH0sInNjaGVtYV92ZXJzaW9uIjoiMSJ9",
          "dependencies": [
            "aws_vpc.jhc_vpc"
          ]
        }
      ]
    },
    {
      "mode": "managed",
      "type": "aws_vpc",
      "name": "jhc_vpc",
      "provider": "provider[\"registry.terraform.io/hashicorp/aws\"]",
      "instances": [
        {
          "schema_version": 1,
          "attributes": {
            "arn": "arn:aws:ec2:ap-northeast-2:333972965329:vpc/vpc-0c3725e6bee6a230a",
            "assign_generated_ipv6_cidr_block": false,
            "cidr_block": "172.18.0.0/16",
            "default_network_acl_id": "acl-0c4325ba5c2c7347f",
            "default_route_table_id": "rtb-0679848770a4500ce",
            "default_security_group_id": "sg-0bdecc38f6767607e",
            "dhcp_options_id": "dopt-01e5ef22e75f0ebf8",
            "enable_classiclink": false,
            "enable_classiclink_dns_support": false,
            "enable_dns_hostnames": true,
            "enable_dns_support": true,
            "enable_network_address_usage_metrics": false,
            "id": "vpc-0c3725e6bee6a230a",
            "instance_tenancy": "default",
            "ipv4_ipam_pool_id": null,
            "ipv4_netmask_length": null,
            "ipv6_association_id": "",
            "ipv6_cidr_block": "",
            "ipv6_cidr_block_network_border_group": "",
            "ipv6_ipam_pool_id": "",
            "ipv6_netmask_length": 0,
            "main_route_table_id": "rtb-0679848770a4500ce",
            "owner_id": "333972965329",
            "tags": {
              "Environment": "dev",
              "Name": "test-vpc"
            },
            "tags_all": {
              "Environment": "dev",
              "Name": "test-vpc"
            }
          },
          "sensitive_attributes": [],
          "private": "eyJzY2hlbWFfdmVyc2lvbiI6IjEifQ=="
        }
      ]
    }
  ],
  "check_results": null
}
